Microsoft Visual Studio Solution File, Format Version 11.00
# Visual Studio 2008

Project("{D4255C3A-6922-2D86-3210-5F78548C5F38}") = "Teamwork-exam3", "Assembly-CSharp.csproj", "{A58F860C-EE40-B3F6-C443-3DA916A15157}"
EndProject
Global
	GlobalSection(SolutionConfigurationPlatforms) = preSolution
		Debug|Any CPU = Debug|Any CPU
		Release|Any CPU = Release|Any CPU
	EndGlobalSection
	GlobalSection(ProjectConfigurationPlatforms) = postSolution
		{A58F860C-EE40-B3F6-C443-3DA916A15157}.Debug|Any CPU.ActiveCfg = Debug|Any CPU
		{A58F860C-EE40-B3F6-C443-3DA916A15157}.Debug|Any CPU.Build.0 = Debug|Any CPU
		{A58F860C-EE40-B3F6-C443-3DA916A15157}.Release|Any CPU.ActiveCfg = Release|Any CPU
		{A58F860C-EE40-B3F6-C443-3DA916A15157}.Release|Any CPU.Build.0 = Release|Any CPU
	EndGlobalSection
	GlobalSection(SolutionProperties) = preSolution
		HideSolutionNode = FALSE
	EndGlobalSection
																														GlobalSection(MonoDevelopProperties) = preSolution
		StartupItem = Assembly-CSharp.csproj
		Policies = $0
		$0.TextStylePolicy = $1
		$1.inheritsSet = null
		$1.scope = text/x-csharp
		$0.CSharpFormattingPolicy = $2
		$2.inheritsSet = Mono
		$2.inheritsScope = text/x-csharp
		$2.scope = text/x-csharp
		$0.TextStylePolicy = $3
		$3.FileWidth = 120
		$3.TabWidth = 4
		$3.EolMarker = Unix
		$3.inheritsSet = Mono
		$3.inheritsScope = text/plain
		$3.scope = text/plain
	EndGlobalSection

EndGlobal
